
Microsoft Visual Studio Solution File, Format Version 12.00
# Visual Studio Version 17
VisualStudioVersion = 17.9.34728.123
MinimumVisualStudioVersion = 10.0.40219.1
Project("{9A19103F-16F7-4668-BE54-9A1E7A4F7556}") = "TaskManagementSystem.API", "TaskManagementSystem.API\TaskManagementSystem.API.csproj", "{F5D04270-78AF-4D93-9716-3A4DA6FB8116}"
	ProjectSection(ProjectDependencies) = postProject
		{7FABF021-4E3C-488B-BD4E-357468DC1F0E} = {7FABF021-4E3C-488B-BD4E-357468DC1F0E}
		{885643EC-DF53-41CC-8A47-302571FCD60F} = {885643EC-DF53-41CC-8A47-302571FCD60F}
		{885C16B9-9465-4043-8429-859BD0D3EF06} = {885C16B9-9465-4043-8429-859BD0D3EF06}
	EndProjectSection
EndProject
Project("{9A19103F-16F7-4668-BE54-9A1E7A4F7556}") = "TaskManagement.Application", "TaskManagement.Application\TaskManagement.Application.csproj", "{885C16B9-9465-4043-8429-859BD0D3EF06}"
	ProjectSection(ProjectDependencies) = postProject
		{502E2D60-815B-4CF3-969D-8C8E77EF4814} = {502E2D60-815B-4CF3-969D-8C8E77EF4814}
		{7FABF021-4E3C-488B-BD4E-357468DC1F0E} = {7FABF021-4E3C-488B-BD4E-357468DC1F0E}
	EndProjectSection
EndProject
Project("{9A19103F-16F7-4668-BE54-9A1E7A4F7556}") = "TaskManagement.Domain", "TaskManagement.Domain\TaskManagement.Domain.csproj", "{502E2D60-815B-4CF3-969D-8C8E77EF4814}"
	ProjectSection(ProjectDependencies) = postProject
		{7FABF021-4E3C-488B-BD4E-357468DC1F0E} = {7FABF021-4E3C-488B-BD4E-357468DC1F0E}
	EndProjectSection
EndProject
Project("{9A19103F-16F7-4668-BE54-9A1E7A4F7556}") = "TaskManagement.Infrastructure", "TaskManagement.Infrastructure\TaskManagement.Infrastructure.csproj", "{885643EC-DF53-41CC-8A47-302571FCD60F}"
	ProjectSection(ProjectDependencies) = postProject
		{502E2D60-815B-4CF3-969D-8C8E77EF4814} = {502E2D60-815B-4CF3-969D-8C8E77EF4814}
		{7FABF021-4E3C-488B-BD4E-357468DC1F0E} = {7FABF021-4E3C-488B-BD4E-357468DC1F0E}
	EndProjectSection
EndProject
Project("{9A19103F-16F7-4668-BE54-9A1E7A4F7556}") = "TaskManagement.Adapters", "TaskManagement.Adapters\TaskManagement.Adapters.csproj", "{B11C018B-190F-480B-ACAA-611581B6D17A}"
EndProject
Project("{9A19103F-16F7-4668-BE54-9A1E7A4F7556}") = "TaskManagement.Common", "TaskManagement.Common\TaskManagement.Common.csproj", "{7FABF021-4E3C-488B-BD4E-357468DC1F0E}"
EndProject
Project("{9A19103F-16F7-4668-BE54-9A1E7A4F7556}") = "TaskManagementSystem.Web", "TaskManagementSystem.Web\TaskManagementSystem.Web.csproj", "{AA5CC1F7-4B1B-4687-93EC-E4C2D3A383B9}"
EndProject
Project("{9A19103F-16F7-4668-BE54-9A1E7A4F7556}") = "TaskManagementSystem.UnitTests", "TaskManagementSystem.UnitTests\TaskManagementSystem.UnitTests.csproj", "{BD74101A-BDE1-4616-973A-F08272E0E68D}"
EndProject
Project("{FAE04EC0-301F-11D3-BF4B-00C04F79EFBC}") = "TaskManagement.BackgroundServices", "TaskManagement.BackgroundServices\TaskManagement.BackgroundServices.csproj", "{69289179-9194-40E3-9D51-449991ADA19F}"
EndProject
Global
	GlobalSection(SolutionConfigurationPlatforms) = preSolution
		Debug|Any CPU = Debug|Any CPU
		Release|Any CPU = Release|Any CPU
	EndGlobalSection
	GlobalSection(ProjectConfigurationPlatforms) = postSolution
		{F5D04270-78AF-4D93-9716-3A4DA6FB8116}.Debug|Any CPU.ActiveCfg = Debug|Any CPU
		{F5D04270-78AF-4D93-9716-3A4DA6FB8116}.Debug|Any CPU.Build.0 = Debug|Any CPU
		{F5D04270-78AF-4D93-9716-3A4DA6FB8116}.Release|Any CPU.ActiveCfg = Release|Any CPU
		{F5D04270-78AF-4D93-9716-3A4DA6FB8116}.Release|Any CPU.Build.0 = Release|Any CPU
		{885C16B9-9465-4043-8429-859BD0D3EF06}.Debug|Any CPU.ActiveCfg = Debug|Any CPU
		{885C16B9-9465-4043-8429-859BD0D3EF06}.Debug|Any CPU.Build.0 = Debug|Any CPU
		{885C16B9-9465-4043-8429-859BD0D3EF06}.Release|Any CPU.ActiveCfg = Release|Any CPU
		{885C16B9-9465-4043-8429-859BD0D3EF06}.Release|Any CPU.Build.0 = Release|Any CPU
		{502E2D60-815B-4CF3-969D-8C8E77EF4814}.Debug|Any CPU.ActiveCfg = Debug|Any CPU
		{502E2D60-815B-4CF3-969D-8C8E77EF4814}.Debug|Any CPU.Build.0 = Debug|Any CPU
		{502E2D60-815B-4CF3-969D-8C8E77EF4814}.Release|Any CPU.ActiveCfg = Release|Any CPU
		{502E2D60-815B-4CF3-969D-8C8E77EF4814}.Release|Any CPU.Build.0 = Release|Any CPU
		{885643EC-DF53-41CC-8A47-302571FCD60F}.Debug|Any CPU.ActiveCfg = Debug|Any CPU
		{885643EC-DF53-41CC-8A47-302571FCD60F}.Debug|Any CPU.Build.0 = Debug|Any CPU
		{885643EC-DF53-41CC-8A47-302571FCD60F}.Release|Any CPU.ActiveCfg = Release|Any CPU
		{885643EC-DF53-41CC-8A47-302571FCD60F}.Release|Any CPU.Build.0 = Release|Any CPU
		{B11C018B-190F-480B-ACAA-611581B6D17A}.Debug|Any CPU.ActiveCfg = Debug|Any CPU
		{B11C018B-190F-480B-ACAA-611581B6D17A}.Debug|Any CPU.Build.0 = Debug|Any CPU
		{B11C018B-190F-480B-ACAA-611581B6D17A}.Release|Any CPU.ActiveCfg = Release|Any CPU
		{B11C018B-190F-480B-ACAA-611581B6D17A}.Release|Any CPU.Build.0 = Release|Any CPU
		{7FABF021-4E3C-488B-BD4E-357468DC1F0E}.Debug|Any CPU.ActiveCfg = Debug|Any CPU
		{7FABF021-4E3C-488B-BD4E-357468DC1F0E}.Debug|Any CPU.Build.0 = Debug|Any CPU
		{7FABF021-4E3C-488B-BD4E-357468DC1F0E}.Release|Any CPU.ActiveCfg = Release|Any CPU
		{7FABF021-4E3C-488B-BD4E-357468DC1F0E}.Release|Any CPU.Build.0 = Release|Any CPU
		{AA5CC1F7-4B1B-4687-93EC-E4C2D3A383B9}.Debug|Any CPU.ActiveCfg = Debug|Any CPU
		{AA5CC1F7-4B1B-4687-93EC-E4C2D3A383B9}.Debug|Any CPU.Build.0 = Debug|Any CPU
		{AA5CC1F7-4B1B-4687-93EC-E4C2D3A383B9}.Release|Any CPU.ActiveCfg = Release|Any CPU
		{AA5CC1F7-4B1B-4687-93EC-E4C2D3A383B9}.Release|Any CPU.Build.0 = Release|Any CPU
		{BD74101A-BDE1-4616-973A-F08272E0E68D}.Debug|Any CPU.ActiveCfg = Debug|Any CPU
		{BD74101A-BDE1-4616-973A-F08272E0E68D}.Debug|Any CPU.Build.0 = Debug|Any CPU
		{BD74101A-BDE1-4616-973A-F08272E0E68D}.Release|Any CPU.ActiveCfg = Release|Any CPU
		{BD74101A-BDE1-4616-973A-F08272E0E68D}.Release|Any CPU.Build.0 = Release|Any CPU
		{69289179-9194-40E3-9D51-449991ADA19F}.Debug|Any CPU.ActiveCfg = Debug|Any CPU
		{69289179-9194-40E3-9D51-449991ADA19F}.Debug|Any CPU.Build.0 = Debug|Any CPU
		{69289179-9194-40E3-9D51-449991ADA19F}.Release|Any CPU.ActiveCfg = Release|Any CPU
		{69289179-9194-40E3-9D51-449991ADA19F}.Release|Any CPU.Build.0 = Release|Any CPU
	EndGlobalSection
	GlobalSection(SolutionProperties) = preSolution
		HideSolutionNode = FALSE
	EndGlobalSection
	GlobalSection(ExtensibilityGlobals) = postSolution
		SolutionGuid = {C4B4C012-4D3C-4FE2-8026-48B99D739F58}
	EndGlobalSection
EndGlobal
